
Microsoft Visual Studio Solution File, Format Version 12.00
# Visual Studio Version 16
VisualStudioVersion = 16.0.29009.5
MinimumVisualStudioVersion = 10.0.40219.1
Project("{FAE04EC0-301F-11D3-BF4B-00C04F79EFBC}") = "EasyPasswordRecoveryWiFi", "EasyPasswordRecoveryWiFi\EasyPasswordRecoveryWiFi.csproj", "{CF14A04F-5FE7-4B41-A769-CBD2B7AF51A9}"
EndProject
Project("{FAE04EC0-301F-11D3-BF4B-00C04F79EFBC}") = "UnitTests", "UnitTests\UnitTests.csproj", "{038000DE-E103-4B0B-8447-91DA3A3E61F6}"
EndProject
Global
	GlobalSection(SolutionConfigurationPlatforms) = preSolution
		Debug|Any CPU = Debug|Any CPU
		Release|Any CPU = Release|Any CPU
	EndGlobalSection
	GlobalSection(ProjectConfigurationPlatforms) = postSolution
		{CF14A04F-5FE7-4B41-A769-CBD2B7AF51A9}.Debug|Any CPU.ActiveCfg = Debug|Any CPU
		{CF14A04F-5FE7-4B41-A769-CBD2B7AF51A9}.Debug|Any CPU.Build.0 = Debug|Any CPU
		{CF14A04F-5FE7-4B41-A769-CBD2B7AF51A9}.Release|Any CPU.ActiveCfg = Release|Any CPU
		{CF14A04F-5FE7-4B41-A769-CBD2B7AF51A9}.Release|Any CPU.Build.0 = Release|Any CPU
		{038000DE-E103-4B0B-8447-91DA3A3E61F6}.Debug|Any CPU.ActiveCfg = Debug|Any CPU
		{038000DE-E103-4B0B-8447-91DA3A3E61F6}.Debug|Any CPU.Build.0 = Debug|Any CPU
		{038000DE-E103-4B0B-8447-91DA3A3E61F6}.Release|Any CPU.ActiveCfg = Release|Any CPU
		{038000DE-E103-4B0B-8447-91DA3A3E61F6}.Release|Any CPU.Build.0 = Release|Any CPU
	EndGlobalSection
	GlobalSection(SolutionProperties) = preSolution
		HideSolutionNode = FALSE
	EndGlobalSection
	GlobalSection(ExtensibilityGlobals) = postSolution
		SolutionGuid = {3CD2BAC0-2580-4AEB-8579-38C535ABB4C5}
	EndGlobalSection
EndGlobal
